<Solution>
  <Project Path="SkillSwap.API/SkillSwap.API.csproj" />
  <Project Path="SkillSwap.Application/SkillSwap.Application.csproj" />
  <Project Path="SkillSwap.Domain/SkillSwap.Domain.csproj" />
  <Project Path="SkillSwap.Infrastructure/SkillSwap.Infrastructure.csproj" />
  <Project Path="SkillSwap.Tests/SkillSwap.Tests.csproj" />
</Solution>
